
Microsoft Visual Studio Solution File, Format Version 12.00
Project("{9A19103F-16F7-4668-BE54-9A1E7A4F7556}") = "_build", "build\_build.csproj", "{A3346369-8500-42F5-A9A3-3CF04702A0FB}"
EndProject
Global
	GlobalSection(SolutionConfigurationPlatforms) = preSolution
		Debug|Any CPU = Debug|Any CPU
		Release|Any CPU = Release|Any CPU
	EndGlobalSection
	GlobalSection(ProjectConfigurationPlatforms) = postSolution
		{A3346369-8500-42F5-A9A3-3CF04702A0FB}.Debug|Any CPU.ActiveCfg = Debug|Any CPU
		{A3346369-8500-42F5-A9A3-3CF04702A0FB}.Release|Any CPU.ActiveCfg = Release|Any CPU
	EndGlobalSection
EndGlobal
